
Microsoft Visual Studio Solution File, Format Version 12.00
# Visual Studio Version 17
VisualStudioVersion = 17.3.32901.215
MinimumVisualStudioVersion = 10.0.40219.1
Project("{FAE04EC0-301F-11D3-BF4B-00C04F79EFBC}") = "WeatherTideStormglass", "WeatherTideStormglass\WeatherTideStormglass.csproj", "{52DE5C3B-D20B-43AB-B9C2-04CE9AC3ABD9}"
EndProject
Global
	GlobalSection(SolutionConfigurationPlatforms) = preSolution
		Debug|Any CPU = Debug|Any CPU
		Release|Any CPU = Release|Any CPU
	EndGlobalSection
	GlobalSection(ProjectConfigurationPlatforms) = postSolution
		{52DE5C3B-D20B-43AB-B9C2-04CE9AC3ABD9}.Debug|Any CPU.ActiveCfg = Debug|Any CPU
		{52DE5C3B-D20B-43AB-B9C2-04CE9AC3ABD9}.Debug|Any CPU.Build.0 = Debug|Any CPU
		{52DE5C3B-D20B-43AB-B9C2-04CE9AC3ABD9}.Release|Any CPU.ActiveCfg = Release|Any CPU
		{52DE5C3B-D20B-43AB-B9C2-04CE9AC3ABD9}.Release|Any CPU.Build.0 = Release|Any CPU
	EndGlobalSection
	GlobalSection(SolutionProperties) = preSolution
		HideSolutionNode = FALSE
	EndGlobalSection
	GlobalSection(ExtensibilityGlobals) = postSolution
		SolutionGuid = {9739FF3B-7810-4626-9E65-B775F4C090A6}
	EndGlobalSection
EndGlobal
